
Microsoft Visual Studio Solution File, Format Version 12.00
# Visual Studio Version 16
VisualStudioVersion = 16.0.30413.136
MinimumVisualStudioVersion = 10.0.40219.1
Project("{FAE04EC0-301F-11D3-BF4B-00C04F79EFBC}") = "DateTImedrill", "DateTImedrill.csproj", "{A223D7B0-BC24-47FB-8813-B0246684F209}"
EndProject
Global
	GlobalSection(SolutionConfigurationPlatforms) = preSolution
		Debug|Any CPU = Debug|Any CPU
		Release|Any CPU = Release|Any CPU
	EndGlobalSection
	GlobalSection(ProjectConfigurationPlatforms) = postSolution
		{A223D7B0-BC24-47FB-8813-B0246684F209}.Debug|Any CPU.ActiveCfg = Debug|Any CPU
		{A223D7B0-BC24-47FB-8813-B0246684F209}.Debug|Any CPU.Build.0 = Debug|Any CPU
		{A223D7B0-BC24-47FB-8813-B0246684F209}.Release|Any CPU.ActiveCfg = Release|Any CPU
		{A223D7B0-BC24-47FB-8813-B0246684F209}.Release|Any CPU.Build.0 = Release|Any CPU
	EndGlobalSection
	GlobalSection(SolutionProperties) = preSolution
		HideSolutionNode = FALSE
	EndGlobalSection
	GlobalSection(ExtensibilityGlobals) = postSolution
		SolutionGuid = {98BDC302-861F-4A4A-897D-4ECAC8655FBA}
	EndGlobalSection
EndGlobal
